
Microsoft Visual Studio Solution File, Format Version 12.00
# Visual Studio Version 17
VisualStudioVersion = 17.1.32328.378
MinimumVisualStudioVersion = 10.0.40219.1
Project("{FAE04EC0-301F-11D3-BF4B-00C04F79EFBC}") = "Pizzaroti", "Pizzaroti\Pizzaroti.csproj", "{5C90AB51-D111-4A6D-947D-C96202EDC7E0}"
EndProject
Global
	GlobalSection(SolutionConfigurationPlatforms) = preSolution
		Debug|Any CPU = Debug|Any CPU
		Release|Any CPU = Release|Any CPU
	EndGlobalSection
	GlobalSection(ProjectConfigurationPlatforms) = postSolution
		{5C90AB51-D111-4A6D-947D-C96202EDC7E0}.Debug|Any CPU.ActiveCfg = Debug|Any CPU
		{5C90AB51-D111-4A6D-947D-C96202EDC7E0}.Debug|Any CPU.Build.0 = Debug|Any CPU
		{5C90AB51-D111-4A6D-947D-C96202EDC7E0}.Release|Any CPU.ActiveCfg = Release|Any CPU
		{5C90AB51-D111-4A6D-947D-C96202EDC7E0}.Release|Any CPU.Build.0 = Release|Any CPU
	EndGlobalSection
	GlobalSection(SolutionProperties) = preSolution
		HideSolutionNode = FALSE
	EndGlobalSection
	GlobalSection(ExtensibilityGlobals) = postSolution
		SolutionGuid = {5C6B8FDD-6091-4A0C-B11E-F05949E1DD5F}
	EndGlobalSection
EndGlobal
